// !$*UTF8*$!
{
	archiveVersion = 1;
	classes = {
	};
	objectVersion = 50;
	objects = {

/* Begin PBXBuildFile section */
		21D10F9A28A26D5E006DD9DF /* AppDelegate.swift in Sources */ = {isa = PBXBuildFile; fileRef = 21D10F9928A26D5E006DD9DF /* AppDelegate.swift */; };
		21D10F9C28A26D5E006DD9DF /* SceneDelegate.swift in Sources */ = {isa = PBXBuildFile; fileRef = 21D10F9B28A26D5E006DD9DF /* SceneDelegate.swift */; };
		21D10F9E28A26D5E006DD9DF /* ViewController.swift in Sources */ = {isa = PBXBuildFile; fileRef = 21D10F9D28A26D5E006DD9DF /* ViewController.swift */; };
		21D10FA128A26D5E006DD9DF /* Main.storyboard in Resources */ = {isa = PBXBuildFile; fileRef = 21D10F9F28A26D5E006DD9DF /* Main.storyboard */; };
		21D10FA428A26D5E006DD9DF /* naturebook.xcdatamodeld in Sources */ = {isa = PBXBuildFile; fileRef = 21D10FA228A26D5E006DD9DF /* naturebook.xcdatamodeld */; };
		21D10FA628A26D5F006DD9DF /* Assets.xcassets in Resources */ = {isa = PBXBuildFile; fileRef = 21D10FA528A26D5F006DD9DF /* Assets.xcassets */; };
		21D10FA928A26D5F006DD9DF /* LaunchScreen.storyboard in Resources */ = {isa = PBXBuildFile; fileRef = 21D10FA728A26D5F006DD9DF /* LaunchScreen.storyboard */; };
		21D10FB428A26D5F006DD9DF /* naturebookTests.swift in Sources */ = {isa = PBXBuildFile; fileRef = 21D10FB328A26D5F006DD9DF /* naturebookTests.swift */; };
		21D10FBF28A26D5F006DD9DF /* naturebookUITests.swift in Sources */ = {isa = PBXBuildFile; fileRef = 21D10FBE28A26D5F006DD9DF /* naturebookUITests.swift */; };
/* End PBXBuildFile section */

/* Begin PBXContainerItemProxy section */
		21D10FB028A26D5F006DD9DF /* PBXContainerItemProxy */ = {
			isa = PBXContainerItemProxy;
			containerPortal = 21D10F8E28A26D5E006DD9DF /* Project object */;
			proxyType = 1;
			remoteGlobalIDString = 21D10F9528A26D5E006DD9DF;
			remoteInfo = naturebook;
		};
		21D10FBB28A26D5F006DD9DF /* PBXContainerItemProxy */ = {
			isa = PBXContainerItemProxy;
			containerPortal = 21D10F8E28A26D5E006DD9DF /* Project object */;
			proxyType = 1;
			remoteGlobalIDString = 21D10F9528A26D5E006DD9DF;
			remoteInfo = naturebook;
		};
/* End PBXContainerItemProxy section */

/* Begin PBXFileReference section */
		21D10F9628A26D5E006DD9DF /* naturebook.app */ = {isa = PBXFileReference; explicitFileType = wrapper.application; includeInIndex = 0; path = naturebook.app; sourceTree = BUILT_PRODUCTS_DIR; };
		21D10F9928A26D5E006DD9DF /* AppDelegate.swift */ = {isa = PBXFileReference; lastKnownFileType = sourcecode.swift; path = AppDelegate.swift; sourceTree = "<group>"; };
		21D10F9B28A26D5E006DD9DF /* SceneDelegate.swift */ = {isa = PBXFileReference; lastKnownFileType = sourcecode.swift; path = SceneDelegate.swift; sourceTree = "<group>"; };
		21D10F9D28A26D5E006DD9DF /* ViewController.swift */ = {isa = PBXFileReference; lastKnownFileType = sourcecode.swift; path = ViewController.swift; sourceTree = "<group>"; };
		21D10FA028A26D5E006DD9DF /* Base */ = {isa = PBXFileReference; lastKnownFileType = file.storyboard; name = Base; path = Base.lproj/Main.storyboard; sourceTree = "<group>"; };
		21D10FA328A26D5E006DD9DF /* naturebook.xcdatamodel */ = {isa = PBXFileReference; lastKnownFileType = wrapper.xcdatamodel; path = naturebook.xcdatamodel; sourceTree = "<group>"; };
		21D10FA528A26D5F006DD9DF /* Assets.xcassets */ = {isa = PBXFileReference; lastKnownFileType = folder.assetcatalog; path = Assets.xcassets; sourceTree = "<group>"; };
		21D10FA828A26D5F006DD9DF /* Base */ = {isa = PBXFileReference; lastKnownFileType = file.storyboard; name = Base; path = Base.lproj/LaunchScreen.storyboard; sourceTree = "<group>"; };
		21D10FAA28A26D5F006DD9DF /* Info.plist */ = {isa = PBXFileReference; lastKnownFileType = text.plist.xml; path = Info.plist; sourceTree = "<group>"; };
		21D10FAF28A26D5F006DD9DF /* naturebookTests.xctest */ = {isa = PBXFileReference; explicitFileType = wrapper.cfbundle; includeInIndex = 0; path = naturebookTests.xctest; sourceTree = BUILT_PRODUCTS_DIR; };
		21D10FB328A26D5F006DD9DF /* naturebookTests.swift */ = {isa = PBXFileReference; lastKnownFileType = sourcecode.swift; path = naturebookTests.swift; sourceTree = "<group>"; };
		21D10FB528A26D5F006DD9DF /* Info.plist */ = {isa = PBXFileReference; lastKnownFileType = text.plist.xml; path = Info.plist; sourceTree = "<group>"; };
		21D10FBA28A26D5F006DD9DF /* naturebookUITests.xctest */ = {isa = PBXFileReference; explicitFileType = wrapper.cfbundle; includeInIndex = 0; path = naturebookUITests.xctest; sourceTree = BUILT_PRODUCTS_DIR; };
		21D10FBE28A26D5F006DD9DF /* naturebookUITests.swift */ = {isa = PBXFileReference; lastKnownFileType = sourcecode.swift; path = naturebookUITests.swift; sourceTree = "<group>"; };
		21D10FC028A26D5F006DD9DF /* Info.plist */ = {isa = PBXFileReference; lastKnownFileType = text.plist.xml; path = Info.plist; sourceTree = "<group>"; };
/* End PBXFileReference section */

/* Begin PBXFrameworksBuildPhase section */
		21D10F9328A26D5E006DD9DF /* Frameworks */ = {
			isa = PBXFrameworksBuildPhase;
			buildActionMask = 2147483647;
			files = (
			);
			runOnlyForDeploymentPostprocessing = 0;
		};
		21D10FAC28A26D5F006DD9DF /* Frameworks */ = {
			isa = PBXFrameworksBuildPhase;
			buildActionMask = 2147483647;
			files = (
			);
			runOnlyForDeploymentPostprocessing = 0;
		};
		21D10FB728A26D5F006DD9DF /* Frameworks */ = {
			isa = PBXFrameworksBuildPhase;
			buildActionMask = 2147483647;
			files = (
			);
			runOnlyForDeploymentPostprocessing = 0;
		};
/* End PBXFrameworksBuildPhase section */

/* Begin PBXGroup section */
		21D10F8D28A26D5E006DD9DF = {
			isa = PBXGroup;
			children = (
				21D10F9828A26D5E006DD9DF /* naturebook */,
				21D10FB228A26D5F006DD9DF /* naturebookTests */,
				21D10FBD28A26D5F006DD9DF /* naturebookUITests */,
				21D10F9728A26D5E006DD9DF /* Products */,
			);
			sourceTree = "<group>";
		};
		21D10F9728A26D5E006DD9DF /* Products */ = {
			isa = PBXGroup;
			children = (
				21D10F9628A26D5E006DD9DF /* naturebook.app */,
				21D10FAF28A26D5F006DD9DF /* naturebookTests.xctest */,
				21D10FBA28A26D5F006DD9DF /* naturebookUITests.xctest */,
			);
			name = Products;
			sourceTree = "<group>";
		};
		21D10F9828A26D5E006DD9DF /* naturebook */ = {
			isa = PBXGroup;
			children = (
				21D10F9928A26D5E006DD9DF /* AppDelegate.swift */,
				21D10F9B28A26D5E006DD9DF /* SceneDelegate.swift */,
				21D10F9D28A26D5E006DD9DF /* ViewController.swift */,
				21D10F9F28A26D5E006DD9DF /* Main.storyboard */,
				21D10FA528A26D5F006DD9DF /* Assets.xcassets */,
				21D10FA728A26D5F006DD9DF /* LaunchScreen.storyboard */,
				21D10FAA28A26D5F006DD9DF /* Info.plist */,
				21D10FA228A26D5E006DD9DF /* naturebook.xcdatamodeld */,
			);
			path = naturebook;
			sourceTree = "<group>";
		};
		21D10FB228A26D5F006DD9DF /* naturebookTests */ = {
			isa = PBXGroup;
			children = (
				21D10FB328A26D5F006DD9DF /* naturebookTests.swift */,
				21D10FB528A26D5F006DD9DF /* Info.plist */,
			);
			path = naturebookTests;
			sourceTree = "<group>";
		};
		21D10FBD28A26D5F006DD9DF /* naturebookUITests */ = {
			isa = PBXGroup;
			children = (
				21D10FBE28A26D5F006DD9DF /* naturebookUITests.swift */,
				21D10FC028A26D5F006DD9DF /* Info.plist */,
			);
			path = naturebookUITests;
			sourceTree = "<group>";
		};
/* End PBXGroup section */

/* Begin PBXNativeTarget section */
		21D10F9528A26D5E006DD9DF /* naturebook */ = {
			isa = PBXNativeTarget;
			buildConfigurationList = 21D10FC328A26D5F006DD9DF /* Build configuration list for PBXNativeTarget "naturebook" */;
			buildPhases = (
				21D10F9228A26D5E006DD9DF /* Sources */,
				21D10F9328A26D5E006DD9DF /* Frameworks */,
				21D10F9428A26D5E006DD9DF /* Resources */,
			);
			buildRules = (
			);
			dependencies = (
			);
			name = naturebook;
			productName = naturebook;
			productReference = 21D10F9628A26D5E006DD9DF /* naturebook.app */;
			productType = "com.apple.product-type.application";
		};
		21D10FAE28A26D5F006DD9DF /* naturebookTests */ = {
			isa = PBXNativeTarget;
			buildConfigurationList = 21D10FC628A26D5F006DD9DF /* Build configuration list for PBXNativeTarget "naturebookTests" */;
			buildPhases = (
				21D10FAB28A26D5F006DD9DF /* Sources */,
				21D10FAC28A26D5F006DD9DF /* Frameworks */,
				21D10FAD28A26D5F006DD9DF /* Resources */,
			);
			buildRules = (
			);
			dependencies = (
				21D10FB128A26D5F006DD9DF /* PBXTargetDependency */,
			);
			name = naturebookTests;
			productName = naturebookTests;
			productReference = 21D10FAF28A26D5F006DD9DF /* naturebookTests.xctest */;
			productType = "com.apple.product-type.bundle.unit-test";
		};
		21D10FB928A26D5F006DD9DF /* naturebookUITests */ = {
			isa = PBXNativeTarget;
			buildConfigurationList = 21D10FC928A26D5F006DD9DF /* Build configuration list for PBXNativeTarget "naturebookUITests" */;
			buildPhases = (
				21D10FB628A26D5F006DD9DF /* Sources */,
				21D10FB728A26D5F006DD9DF /* Frameworks */,
				21D10FB828A26D5F006DD9DF /* Resources */,
			);
			buildRules = (
			);
			dependencies = (
				21D10FBC28A26D5F006DD9DF /* PBXTargetDependency */,
			);
			name = naturebookUITests;
			productName = naturebookUITests;
			productReference = 21D10FBA28A26D5F006DD9DF /* naturebookUITests.xctest */;
			productType = "com.apple.product-type.bundle.ui-testing";
		};
/* End PBXNativeTarget section */

/* Begin PBXProject section */
		21D10F8E28A26D5E006DD9DF /* Project object */ = {
			isa = PBXProject;
			attributes = {
				LastSwiftUpdateCheck = 1250;
				LastUpgradeCheck = 1250;
				TargetAttributes = {
					21D10F9528A26D5E006DD9DF = {
						CreatedOnToolsVersion = 12.5.1;
					};
					21D10FAE28A26D5F006DD9DF = {
						CreatedOnToolsVersion = 12.5.1;
						TestTargetID = 21D10F9528A26D5E006DD9DF;
					};
					21D10FB928A26D5F006DD9DF = {
						CreatedOnToolsVersion = 12.5.1;
						TestTargetID = 21D10F9528A26D5E006DD9DF;
					};
				};
			};
			buildConfigurationList = 21D10F9128A26D5E006DD9DF /* Build configuration list for PBXProject "naturebook" */;
			compatibilityVersion = "Xcode 9.3";
			developmentRegion = en;
			hasScannedForEncodings = 0;
			knownRegions = (
				en,
				Base,
			);
			mainGroup = 21D10F8D28A26D5E006DD9DF;
			productRefGroup = 21D10F9728A26D5E006DD9DF /* Products */;
			projectDirPath = "";
			projectRoot = "";
			targets = (
				21D10F9528A26D5E006DD9DF /* naturebook */,
				21D10FAE28A26D5F006DD9DF /* naturebookTests */,
				21D10FB928A26D5F006DD9DF /* naturebookUITests */,
			);
		};
/* End PBXProject section */

/* Begin PBXResourcesBuildPhase section */
		21D10F9428A26D5E006DD9DF /* Resources */ = {
			isa = PBXResourcesBuildPhase;
			buildActionMask = 2147483647;
			files = (
				21D10FA928A26D5F006DD9DF /* LaunchScreen.storyboard in Resources */,
				21D10FA628A26D5F006DD9DF /* Assets.xcassets in Resources */,
				21D10FA128A26D5E006DD9DF /* Main.storyboard in Resources */,
			);
			runOnlyForDeploymentPostprocessing = 0;
		};
		21D10FAD28A26D5F006DD9DF /* Resources */ = {
			isa = PBXResourcesBuildPhase;
			buildActionMask = 2147483647;
			files = (
			);
			runOnlyForDeploymentPostprocessing = 0;
		};
		21D10FB828A26D5F006DD9DF /* Resources */ = {
			isa = PBXResourcesBuildPhase;
			buildActionMask = 2147483647;
			files = (
			);
			runOnlyForDeploymentPostprocessing = 0;
		};
/* End PBXResourcesBuildPhase section */

/* Begin PBXSourcesBuildPhase section */
		21D10F9228A26D5E006DD9DF /* Sources */ = {
			isa = PBXSourcesBuildPhase;
			buildActionMask = 2147483647;
			files = (
				21D10F9E28A26D5E006DD9DF /* ViewController.swift in Sources */,
				21D10FA428A26D5E006DD9DF /* naturebook.xcdatamodeld in Sources */,
				21D10F9A28A26D5E006DD9DF /* AppDelegate.swift in Sources */,
				21D10F9C28A26D5E006DD9DF /* SceneDelegate.swift in Sources */,
			);
			runOnlyForDeploymentPostprocessing = 0;
		};
		21D10FAB28A26D5F006DD9DF /* Sources */ = {
			isa = PBXSourcesBuildPhase;
			buildActionMask = 2147483647;
			files = (
				21D10FB428A26D5F006DD9DF /* naturebookTests.swift in Sources */,
			);
			runOnlyForDeploymentPostprocessing = 0;
		};
		21D10FB628A26D5F006DD9DF /* Sources */ = {
			isa = PBXSourcesBuildPhase;
			buildActionMask = 2147483647;
			files = (
				21D10FBF28A26D5F006DD9DF /* naturebookUITests.swift in Sources */,
			);
			runOnlyForDeploymentPostprocessing = 0;
		};
/* End PBXSourcesBuildPhase section */

/* Begin PBXTargetDependency section */
		21D10FB128A26D5F006DD9DF /* PBXTargetDependency */ = {
			isa = PBXTargetDependency;
			target = 21D10F9528A26D5E006DD9DF /* naturebook */;
			targetProxy = 21D10FB028A26D5F006DD9DF /* PBXContainerItemProxy */;
		};
		21D10FBC28A26D5F006DD9DF /* PBXTargetDependency */ = {
			isa = PBXTargetDependency;
			target = 21D10F9528A26D5E006DD9DF /* naturebook */;
			targetProxy = 21D10FBB28A26D5F006DD9DF /* PBXContainerItemProxy */;
		};
/* End PBXTargetDependency section */

/* Begin PBXVariantGroup section */
		21D10F9F28A26D5E006DD9DF /* Main.storyboard */ = {
			isa = PBXVariantGroup;
			children = (
				21D10FA028A26D5E006DD9DF /* Base */,
			);
			name = Main.storyboard;
			sourceTree = "<group>";
		};
		21D10FA728A26D5F006DD9DF /* LaunchScreen.storyboard */ = {
			isa = PBXVariantGroup;
			children = (
				21D10FA828A26D5F006DD9DF /* Base */,
			);
			name = LaunchScreen.storyboard;
			sourceTree = "<group>";
		};
/* End PBXVariantGroup section */

/* Begin XCBuildConfiguration section */
		21D10FC128A26D5F006DD9DF /* Debug */ = {
			isa = XCBuildConfiguration;
			buildSettings = {
				ALWAYS_SEARCH_USER_PATHS = NO;
				CLANG_ANALYZER_NONNULL = YES;
				CLANG_ANALYZER_NUMBER_OBJECT_CONVERSION = YES_AGGRESSIVE;
				CLANG_CXX_LANGUAGE_STANDARD = "gnu++14";
				CLANG_CXX_LIBRARY = "libc++";
				CLANG_ENABLE_MODULES = YES;
				CLANG_ENABLE_OBJC_ARC = YES;
				CLANG_ENABLE_OBJC_WEAK = YES;
				CLANG_WARN_BLOCK_CAPTURE_AUTORELEASING = YES;
				CLANG_WARN_BOOL_CONVERSION = YES;
				CLANG_WARN_COMMA = YES;
				CLANG_WARN_CONSTANT_CONVERSION = YES;
				CLANG_WARN_DEPRECATED_OBJC_IMPLEMENTATIONS = YES;
				CLANG_WARN_DIRECT_OBJC_ISA_USAGE = YES_ERROR;
				CLANG_WARN_DOCUMENTATION_COMMENTS = YES;
				CLANG_WARN_EMPTY_BODY = YES;
				CLANG_WARN_ENUM_CONVERSION = YES;
				CLANG_WARN_INFINITE_RECURSION = YES;
				CLANG_WARN_INT_CONVERSION = YES;
				CLANG_WARN_NON_LITERAL_NULL_CONVERSION = YES;
				CLANG_WARN_OBJC_IMPLICIT_RETAIN_SELF = YES;
				CLANG_WARN_OBJC_LITERAL_CONVERSION = YES;
				CLANG_WARN_OBJC_ROOT_CLASS = YES_ERROR;
				CLANG_WARN_QUOTED_INCLUDE_IN_FRAMEWORK_HEADER = YES;
				CLANG_WARN_RANGE_LOOP_ANALYSIS = YES;
				CLANG_WARN_STRICT_PROTOTYPES = YES;
				CLANG_WARN_SUSPICIOUS_MOVE = YES;
				CLANG_WARN_UNGUARDED_AVAILABILITY = YES_AGGRESSIVE;
				CLANG_WARN_UNREACHABLE_CODE = YES;
				CLANG_WARN__DUPLICATE_METHOD_MATCH = YES;
				COPY_PHASE_STRIP = NO;
				DEBUG_INFORMATION_FORMAT = dwarf;
				ENABLE_STRICT_OBJC_MSGSEND = YES;
				ENABLE_TESTABILITY = YES;
				GCC_C_LANGUAGE_STANDARD = gnu11;
				GCC_DYNAMIC_NO_PIC = NO;
				GCC_NO_COMMON_BLOCKS = YES;
				GCC_OPTIMIZATION_LEVEL = 0;
				GCC_PREPROCESSOR_DEFINITIONS = (
					"DEBUG=1",
					"$(inherited)",
				);
				GCC_WARN_64_TO_32_BIT_CONVERSION = YES;
				GCC_WARN_ABOUT_RETURN_TYPE = YES_ERROR;
				GCC_WARN_UNDECLARED_SELECTOR = YES;
				GCC_WARN_UNINITIALIZED_AUTOS = YES_AGGRESSIVE;
				GCC_WARN_UNUSED_FUNCTION = YES;
				GCC_WARN_UNUSED_VARIABLE = YES;
				IPHONEOS_DEPLOYMENT_TARGET = 14.5;
				MTL_ENABLE_DEBUG_INFO = INCLUDE_SOURCE;
				MTL_FAST_MATH = YES;
				ONLY_ACTIVE_ARCH = YES;
				SDKROOT = iphoneos;
				SWIFT_ACTIVE_COMPILATION_CONDITIONS = DEBUG;
				SWIFT_OPTIMIZATION_LEVEL = "-Onone";
			};
			name = Debug;
		};
		21D10FC228A26D5F006DD9DF /* Release */ = {
			isa = XCBuildConfiguration;
			buildSettings = {
				ALWAYS_SEARCH_USER_PATHS = NO;
				CLANG_ANALYZER_NONNULL = YES;
				CLANG_ANALYZER_NUMBER_OBJECT_CONVERSION = YES_AGGRESSIVE;
				CLANG_CXX_LANGUAGE_STANDARD = "gnu++14";
				CLANG_CXX_LIBRARY = "libc++";
				CLANG_ENABLE_MODULES = YES;
				CLANG_ENABLE_OBJC_ARC = YES;
				CLANG_ENABLE_OBJC_WEAK = YES;
				CLANG_WARN_BLOCK_CAPTURE_AUTORELEASING = YES;
				CLANG_WARN_BOOL_CONVERSION = YES;
				CLANG_WARN_COMMA = YES;
				CLANG_WARN_CONSTANT_CONVERSION = YES;
				CLANG_WARN_DEPRECATED_OBJC_IMPLEMENTATIONS = YES;
				CLANG_WARN_DIRECT_OBJC_ISA_USAGE = YES_ERROR;
				CLANG_WARN_DOCUMENTATION_COMMENTS = YES;
				CLANG_WARN_EMPTY_BODY = YES;
				CLANG_WARN_ENUM_CONVERSION = YES;
				CLANG_WARN_INFINITE_RECURSION = YES;
				CLANG_WARN_INT_CONVERSION = YES;
				CLANG_WARN_NON_LITERAL_NULL_CONVERSION = YES;
				CLANG_WARN_OBJC_IMPLICIT_RETAIN_SELF = YES;
				CLANG_WARN_OBJC_LITERAL_CONVERSION = YES;
				CLANG_WARN_OBJC_ROOT_CLASS = YES_ERROR;
				CLANG_WARN_QUOTED_INCLUDE_IN_FRAMEWORK_HEADER = YES;
				CLANG_WARN_RANGE_LOOP_ANALYSIS = YES;
				CLANG_WARN_STRICT_PROTOTYPES = YES;
				CLANG_WARN_SUSPICIOUS_MOVE = YES;
				CLANG_WARN_UNGUARDED_AVAILABILITY = YES_AGGRESSIVE;
				CLANG_WARN_UNREACHABLE_CODE = YES;
				CLANG_WARN__DUPLICATE_METHOD_MATCH = YES;
				COPY_PHASE_STRIP = NO;
				DEBUG_INFORMATION_FORMAT = "dwarf-with-dsym";
				ENABLE_NS_ASSERTIONS = NO;
				ENABLE_STRICT_OBJC_MSGSEND = YES;
				GCC_C_LANGUAGE_STANDARD = gnu11;
				GCC_NO_COMMON_BLOCKS = YES;
				GCC_WARN_64_TO_32_BIT_CONVERSION = YES;
				GCC_WARN_ABOUT_RETURN_TYPE = YES_ERROR;
				GCC_WARN_UNDECLARED_SELECTOR = YES;
				GCC_WARN_UNINITIALIZED_AUTOS = YES_AGGRESSIVE;
				GCC_WARN_UNUSED_FUNCTION = YES;
				GCC_WARN_UNUSED_VARIABLE = YES;
				IPHONEOS_DEPLOYMENT_TARGET = 14.5;
				MTL_ENABLE_DEBUG_INFO = NO;
				MTL_FAST_MATH = YES;
				SDKROOT = iphoneos;
				SWIFT_COMPILATION_MODE = wholemodule;
				SWIFT_OPTIMIZATION_LEVEL = "-O";
				VALIDATE_PRODUCT = YES;
			};
			name = Release;
		};
		21D10FC428A26D5F006DD9DF /* Debug */ = {
			isa = XCBuildConfiguration;
			buildSettings = {
				ASSETCATALOG_COMPILER_APPICON_NAME = AppIcon;
				ASSETCATALOG_COMPILER_GLOBAL_ACCENT_COLOR_NAME = AccentColor;
				CODE_SIGN_STYLE = Automatic;
				DEVELOPMENT_TEAM = 3BX64U658L;
				INFOPLIST_FILE = naturebook/Info.plist;
				LD_RUNPATH_SEARCH_PATHS = (
					"$(inherited)",
					"@executable_path/Frameworks",
				);
				PRODUCT_BUNDLE_IDENTIFIER = com.melih.test1.naturebook;
				PRODUCT_NAME = "$(TARGET_NAME)";
				SWIFT_VERSION = 5.0;
				TARGETED_DEVICE_FAMILY = "1,2";
			};
			name = Debug;
		};
		21D10FC528A26D5F006DD9DF /* Release */ = {
			isa = XCBuildConfiguration;
			buildSettings = {
				ASSETCATALOG_COMPILER_APPICON_NAME = AppIcon;
				ASSETCATALOG_COMPILER_GLOBAL_ACCENT_COLOR_NAME = AccentColor;
				CODE_SIGN_STYLE = Automatic;
				DEVELOPMENT_TEAM = 3BX64U658L;
				INFOPLIST_FILE = naturebook/Info.plist;
				LD_RUNPATH_SEARCH_PATHS = (
					"$(inherited)",
					"@executable_path/Frameworks",
				);
				PRODUCT_BUNDLE_IDENTIFIER = com.melih.test1.naturebook;
				PRODUCT_NAME = "$(TARGET_NAME)";
				SWIFT_VERSION = 5.0;
				TARGETED_DEVICE_FAMILY = "1,2";
			};
			name = Release;
		};
		21D10FC728A26D5F006DD9DF /* Debug */ = {
			isa = XCBuildConfiguration;
			buildSettings = {
				ALWAYS_EMBED_SWIFT_STANDARD_LIBRARIES = YES;
				BUNDLE_LOADER = "$(TEST_HOST)";
				CODE_SIGN_STYLE = Automatic;
				DEVELOPMENT_TEAM = 3BX64U658L;
				INFOPLIST_FILE = naturebookTests/Info.plist;
				IPHONEOS_DEPLOYMENT_TARGET = 14.5;
				LD_RUNPATH_SEARCH_PATHS = (
					"$(inherited)",
					"@executable_path/Frameworks",
					"@loader_path/Frameworks",
				);
				PRODUCT_BUNDLE_IDENTIFIER = com.melih.test1.naturebookTests;
				PRODUCT_NAME = "$(TARGET_NAME)";
				SWIFT_VERSION = 5.0;
				TARGETED_DEVICE_FAMILY = "1,2";
				TEST_HOST = "$(BUILT_PRODUCTS_DIR)/naturebook.app/naturebook";
			};
			name = Debug;
		};
		21D10FC828A26D5F006DD9DF /* Release */ = {
			isa = XCBuildConfiguration;
			buildSettings = {
				ALWAYS_EMBED_SWIFT_STANDARD_LIBRARIES = YES;
				BUNDLE_LOADER = "$(TEST_HOST)";
				CODE_SIGN_STYLE = Automatic;
				DEVELOPMENT_TEAM = 3BX64U658L;
				INFOPLIST_FILE = naturebookTests/Info.plist;
				IPHONEOS_DEPLOYMENT_TARGET = 14.5;
				LD_RUNPATH_SEARCH_PATHS = (
					"$(inherited)",
					"@executable_path/Frameworks",
					"@loader_path/Frameworks",
				);
				PRODUCT_BUNDLE_IDENTIFIER = com.melih.test1.naturebookTests;
				PRODUCT_NAME = "$(TARGET_NAME)";
				SWIFT_VERSION = 5.0;
				TARGETED_DEVICE_FAMILY = "1,2";
				TEST_HOST = "$(BUILT_PRODUCTS_DIR)/naturebook.app/naturebook";
			};
			name = Release;
		};
		21D10FCA28A26D5F006DD9DF /* Debug */ = {
			isa = XCBuildConfiguration;
			buildSettings = {
				ALWAYS_EMBED_SWIFT_STANDARD_LIBRARIES = YES;
				CODE_SIGN_STYLE = Automatic;
				DEVELOPMENT_TEAM = 3BX64U658L;
				INFOPLIST_FILE = naturebookUITests/Info.plist;
				LD_RUNPATH_SEARCH_PATHS = (
					"$(inherited)",
					"@executable_path/Frameworks",
					"@loader_path/Frameworks",
				);
				PRODUCT_BUNDLE_IDENTIFIER = com.melih.test1.naturebookUITests;
				PRODUCT_NAME = "$(TARGET_NAME)";
				SWIFT_VERSION = 5.0;
				TARGETED_DEVICE_FAMILY = "1,2";
				TEST_TARGET_NAME = naturebook;
			};
			name = Debug;
		};
		21D10FCB28A26D5F006DD9DF /* Release */ = {
			isa = XCBuildConfiguration;
			buildSettings = {
				ALWAYS_EMBED_SWIFT_STANDARD_LIBRARIES = YES;
				CODE_SIGN_STYLE = Automatic;
				DEVELOPMENT_TEAM = 3BX64U658L;
				INFOPLIST_FILE = naturebookUITests/Info.plist;
				LD_RUNPATH_SEARCH_PATHS = (
					"$(inherited)",
					"@executable_path/Frameworks",
					"@loader_path/Frameworks",
				);
				PRODUCT_BUNDLE_IDENTIFIER = com.melih.test1.naturebookUITests;
				PRODUCT_NAME = "$(TARGET_NAME)";
				SWIFT_VERSION = 5.0;
				TARGETED_DEVICE_FAMILY = "1,2";
				TEST_TARGET_NAME = naturebook;
			};
			name = Release;
		};
/* End XCBuildConfiguration section */

/* Begin XCConfigurationList section */
		21D10F9128A26D5E006DD9DF /* Build configuration list for PBXProject "naturebook" */ = {
			isa = XCConfigurationList;
			buildConfigurations = (
				21D10FC128A26D5F006DD9DF /* Debug */,
				21D10FC228A26D5F006DD9DF /* Release */,
			);
			defaultConfigurationIsVisible = 0;
			defaultConfigurationName = Release;
		};
		21D10FC328A26D5F006DD9DF /* Build configuration list for PBXNativeTarget "naturebook" */ = {
			isa = XCConfigurationList;
			buildConfigurations = (
				21D10FC428A26D5F006DD9DF /* Debug */,
				21D10FC528A26D5F006DD9DF /* Release */,
			);
			defaultConfigurationIsVisible = 0;
			defaultConfigurationName = Release;
		};
		21D10FC628A26D5F006DD9DF /* Build configuration list for PBXNativeTarget "naturebookTests" */ = {
			isa = XCConfigurationList;
			buildConfigurations = (
				21D10FC728A26D5F006DD9DF /* Debug */,
				21D10FC828A26D5F006DD9DF /* Release */,
			);
			defaultConfigurationIsVisible = 0;
			defaultConfigurationName = Release;
		};
		21D10FC928A26D5F006DD9DF /* Build configuration list for PBXNativeTarget "naturebookUITests" */ = {
			isa = XCConfigurationList;
			buildConfigurations = (
				21D10FCA28A26D5F006DD9DF /* Debug */,
				21D10FCB28A26D5F006DD9DF /* Release */,
			);
			defaultConfigurationIsVisible = 0;
			defaultConfigurationName = Release;
		};
/* End XCConfigurationList section */

/* Begin XCVersionGroup section */
		21D10FA228A26D5E006DD9DF /* naturebook.xcdatamodeld */ = {
			isa = XCVersionGroup;
			children = (
				21D10FA328A26D5E006DD9DF /* naturebook.xcdatamodel */,
			);
			currentVersion = 21D10FA328A26D5E006DD9DF /* naturebook.xcdatamodel */;
			path = naturebook.xcdatamodeld;
			sourceTree = "<group>";
			versionGroupType = wrapper.xcdatamodel;
		};
/* End XCVersionGroup section */
	};
	rootObject = 21D10F8E28A26D5E006DD9DF /* Project object */;
}
